
Microsoft Visual Studio Solution File, Format Version 12.00
# Visual Studio Version 17
VisualStudioVersion = 17.5.33424.131
MinimumVisualStudioVersion = 10.0.40219.1
Project("{9A19103F-16F7-4668-BE54-9A1E7A4F7556}") = "IT481U9", "IT481U3\IT481U9.csproj", "{E874A0A0-96AE-417E-A05D-A71B4ED5531C}"
EndProject
Global
	GlobalSection(SolutionConfigurationPlatforms) = preSolution
		Debug|Any CPU = Debug|Any CPU
		Release|Any CPU = Release|Any CPU
	EndGlobalSection
	GlobalSection(ProjectConfigurationPlatforms) = postSolution
		{E874A0A0-96AE-417E-A05D-A71B4ED5531C}.Debug|Any CPU.ActiveCfg = Debug|Any CPU
		{E874A0A0-96AE-417E-A05D-A71B4ED5531C}.Debug|Any CPU.Build.0 = Debug|Any CPU
		{E874A0A0-96AE-417E-A05D-A71B4ED5531C}.Release|Any CPU.ActiveCfg = Release|Any CPU
		{E874A0A0-96AE-417E-A05D-A71B4ED5531C}.Release|Any CPU.Build.0 = Release|Any CPU
	EndGlobalSection
	GlobalSection(SolutionProperties) = preSolution
		HideSolutionNode = FALSE
	EndGlobalSection
	GlobalSection(ExtensibilityGlobals) = postSolution
		SolutionGuid = {B52DCD8F-CF96-48D3-BAC2-648ACD7F96CF}
	EndGlobalSection
EndGlobal
